
Microsoft Visual Studio Solution File, Format Version 12.00
# Visual Studio Version 16
VisualStudioVersion = 16.0.28729.10
MinimumVisualStudioVersion = 10.0.40219.1
Project("{2150E333-8FDC-42A3-9474-1A3956D46DE8}") = "01", "01", "{2BE1D9D2-72C1-485E-BE87-3EEBFF620FD1}"
EndProject
Project("{FAE04EC0-301F-11D3-BF4B-00C04F79EFBC}") = "Tooling", "src\Tooling\Tooling.csproj", "{9F7CE29B-92EB-4100-8685-2B9FD6766B23}"
EndProject
Project("{2150E333-8FDC-42A3-9474-1A3956D46DE8}") = "Solution Items", "Solution Items", "{C025C319-7314-4232-8AFF-A4D29FF7B461}"
	ProjectSection(SolutionItems) = preProject
		Directory.Build.props = Directory.Build.props
	EndProjectSection
EndProject
Project("{2150E333-8FDC-42A3-9474-1A3956D46DE8}") = "02", "02", "{F79075B2-DCCC-44E6-AD05-62BEC8E715B6}"
EndProject
Project("{FAE04EC0-301F-11D3-BF4B-00C04F79EFBC}") = "Middlewares", "src\Middlewares\Middlewares.csproj", "{03660206-E708-40A2-98BC-36022E3AEC80}"
EndProject
Global
	GlobalSection(SolutionConfigurationPlatforms) = preSolution
		Debug|Any CPU = Debug|Any CPU
		Release|Any CPU = Release|Any CPU
	EndGlobalSection
	GlobalSection(ProjectConfigurationPlatforms) = postSolution
		{9F7CE29B-92EB-4100-8685-2B9FD6766B23}.Debug|Any CPU.ActiveCfg = Debug|Any CPU
		{9F7CE29B-92EB-4100-8685-2B9FD6766B23}.Debug|Any CPU.Build.0 = Debug|Any CPU
		{9F7CE29B-92EB-4100-8685-2B9FD6766B23}.Release|Any CPU.ActiveCfg = Release|Any CPU
		{9F7CE29B-92EB-4100-8685-2B9FD6766B23}.Release|Any CPU.Build.0 = Release|Any CPU
		{03660206-E708-40A2-98BC-36022E3AEC80}.Debug|Any CPU.ActiveCfg = Debug|Any CPU
		{03660206-E708-40A2-98BC-36022E3AEC80}.Debug|Any CPU.Build.0 = Debug|Any CPU
		{03660206-E708-40A2-98BC-36022E3AEC80}.Release|Any CPU.ActiveCfg = Release|Any CPU
		{03660206-E708-40A2-98BC-36022E3AEC80}.Release|Any CPU.Build.0 = Release|Any CPU
	EndGlobalSection
	GlobalSection(SolutionProperties) = preSolution
		HideSolutionNode = FALSE
	EndGlobalSection
	GlobalSection(NestedProjects) = preSolution
		{9F7CE29B-92EB-4100-8685-2B9FD6766B23} = {2BE1D9D2-72C1-485E-BE87-3EEBFF620FD1}
		{03660206-E708-40A2-98BC-36022E3AEC80} = {F79075B2-DCCC-44E6-AD05-62BEC8E715B6}
	EndGlobalSection
	GlobalSection(ExtensibilityGlobals) = postSolution
		SolutionGuid = {0D2E4F22-1597-4395-9259-EECF35BE5EF5}
	EndGlobalSection
EndGlobal
