
Microsoft Visual Studio Solution File, Format Version 12.00
# Visual Studio Version 16
VisualStudioVersion = 16.0.28729.10
MinimumVisualStudioVersion = 10.0.40219.1
Project("{2150E333-8FDC-42A3-9474-1A3956D46DE8}") = "01", "01", "{2BE1D9D2-72C1-485E-BE87-3EEBFF620FD1}"
EndProject
Project("{9A19103F-16F7-4668-BE54-9A1E7A4F7556}") = "Tooling", "src\Tooling\Tooling.csproj", "{9F7CE29B-92EB-4100-8685-2B9FD6766B23}"
EndProject
Project("{2150E333-8FDC-42A3-9474-1A3956D46DE8}") = "Solution Items", "Solution Items", "{C025C319-7314-4232-8AFF-A4D29FF7B461}"
	ProjectSection(SolutionItems) = preProject
		.gitignore = .gitignore
		Directory.Build.props = Directory.Build.props
	EndProjectSection
EndProject
Project("{2150E333-8FDC-42A3-9474-1A3956D46DE8}") = "02", "02", "{F79075B2-DCCC-44E6-AD05-62BEC8E715B6}"
EndProject
Project("{9A19103F-16F7-4668-BE54-9A1E7A4F7556}") = "Middlewares", "src\Middlewares\Middlewares.csproj", "{03660206-E708-40A2-98BC-36022E3AEC80}"
EndProject
Project("{2150E333-8FDC-42A3-9474-1A3956D46DE8}") = "03", "03", "{97B894D6-FB00-49FF-BF73-D0B8718A769F}"
EndProject
Project("{9A19103F-16F7-4668-BE54-9A1E7A4F7556}") = "Hosting", "src\Hosting\Hosting.csproj", "{07E0384B-2397-43C9-BECC-97EAD5A7D442}"
EndProject
Project("{2150E333-8FDC-42A3-9474-1A3956D46DE8}") = "04", "04", "{5F876CCD-2C19-4ACB-A95C-9D53A1BA13F2}"
EndProject
Project("{9A19103F-16F7-4668-BE54-9A1E7A4F7556}") = "HostingConsole", "src\HostingConsole\HostingConsole.csproj", "{0AF390B2-CF17-4F3D-9F48-B876F856BAD4}"
EndProject
Project("{9A19103F-16F7-4668-BE54-9A1E7A4F7556}") = "Logging", "src\Logging\Logging.csproj", "{7724583F-4055-49AB-8070-91AF5A516525}"
EndProject
Project("{2150E333-8FDC-42A3-9474-1A3956D46DE8}") = "05", "05", "{EE997D1F-FCB2-4501-A04E-2C6A4D4A5A7B}"
EndProject
Project("{FAE04EC0-301F-11D3-BF4B-00C04F79EFBC}") = "Settings", "src\Settings\Settings.csproj", "{8DBDF32B-8C1D-4291-8ED8-2E9033A7A8E7}"
EndProject
Project("{2150E333-8FDC-42A3-9474-1A3956D46DE8}") = "06", "06", "{9D837BBF-0B34-4110-A1A6-2A4CB9675938}"
EndProject
Project("{FAE04EC0-301F-11D3-BF4B-00C04F79EFBC}") = "DI", "src\DI\DI.csproj", "{80942E3D-FEDA-4578-9F63-5F1581A700EA}"
EndProject
Project("{2150E333-8FDC-42A3-9474-1A3956D46DE8}") = "07", "07", "{16F5229D-C87C-4973-83EC-59BFE76F1926}"
EndProject
Project("{FAE04EC0-301F-11D3-BF4B-00C04F79EFBC}") = "API", "src\API\API.csproj", "{DCC685A6-453B-4A1D-AEBF-41C354EBA2DB}"
EndProject
Global
	GlobalSection(SolutionConfigurationPlatforms) = preSolution
		Debug|Any CPU = Debug|Any CPU
		Release|Any CPU = Release|Any CPU
	EndGlobalSection
	GlobalSection(ProjectConfigurationPlatforms) = postSolution
		{9F7CE29B-92EB-4100-8685-2B9FD6766B23}.Debug|Any CPU.ActiveCfg = Debug|Any CPU
		{9F7CE29B-92EB-4100-8685-2B9FD6766B23}.Debug|Any CPU.Build.0 = Debug|Any CPU
		{9F7CE29B-92EB-4100-8685-2B9FD6766B23}.Release|Any CPU.ActiveCfg = Release|Any CPU
		{9F7CE29B-92EB-4100-8685-2B9FD6766B23}.Release|Any CPU.Build.0 = Release|Any CPU
		{03660206-E708-40A2-98BC-36022E3AEC80}.Debug|Any CPU.ActiveCfg = Debug|Any CPU
		{03660206-E708-40A2-98BC-36022E3AEC80}.Debug|Any CPU.Build.0 = Debug|Any CPU
		{03660206-E708-40A2-98BC-36022E3AEC80}.Release|Any CPU.ActiveCfg = Release|Any CPU
		{03660206-E708-40A2-98BC-36022E3AEC80}.Release|Any CPU.Build.0 = Release|Any CPU
		{07E0384B-2397-43C9-BECC-97EAD5A7D442}.Debug|Any CPU.ActiveCfg = Debug|Any CPU
		{07E0384B-2397-43C9-BECC-97EAD5A7D442}.Debug|Any CPU.Build.0 = Debug|Any CPU
		{07E0384B-2397-43C9-BECC-97EAD5A7D442}.Release|Any CPU.ActiveCfg = Release|Any CPU
		{07E0384B-2397-43C9-BECC-97EAD5A7D442}.Release|Any CPU.Build.0 = Release|Any CPU
		{0AF390B2-CF17-4F3D-9F48-B876F856BAD4}.Debug|Any CPU.ActiveCfg = Debug|Any CPU
		{0AF390B2-CF17-4F3D-9F48-B876F856BAD4}.Debug|Any CPU.Build.0 = Debug|Any CPU
		{0AF390B2-CF17-4F3D-9F48-B876F856BAD4}.Release|Any CPU.ActiveCfg = Release|Any CPU
		{0AF390B2-CF17-4F3D-9F48-B876F856BAD4}.Release|Any CPU.Build.0 = Release|Any CPU
		{7724583F-4055-49AB-8070-91AF5A516525}.Debug|Any CPU.ActiveCfg = Debug|Any CPU
		{7724583F-4055-49AB-8070-91AF5A516525}.Debug|Any CPU.Build.0 = Debug|Any CPU
		{7724583F-4055-49AB-8070-91AF5A516525}.Release|Any CPU.ActiveCfg = Release|Any CPU
		{7724583F-4055-49AB-8070-91AF5A516525}.Release|Any CPU.Build.0 = Release|Any CPU
		{8DBDF32B-8C1D-4291-8ED8-2E9033A7A8E7}.Debug|Any CPU.ActiveCfg = Debug|Any CPU
		{8DBDF32B-8C1D-4291-8ED8-2E9033A7A8E7}.Debug|Any CPU.Build.0 = Debug|Any CPU
		{8DBDF32B-8C1D-4291-8ED8-2E9033A7A8E7}.Release|Any CPU.ActiveCfg = Release|Any CPU
		{8DBDF32B-8C1D-4291-8ED8-2E9033A7A8E7}.Release|Any CPU.Build.0 = Release|Any CPU
		{80942E3D-FEDA-4578-9F63-5F1581A700EA}.Debug|Any CPU.ActiveCfg = Debug|Any CPU
		{80942E3D-FEDA-4578-9F63-5F1581A700EA}.Debug|Any CPU.Build.0 = Debug|Any CPU
		{80942E3D-FEDA-4578-9F63-5F1581A700EA}.Release|Any CPU.ActiveCfg = Release|Any CPU
		{80942E3D-FEDA-4578-9F63-5F1581A700EA}.Release|Any CPU.Build.0 = Release|Any CPU
		{DCC685A6-453B-4A1D-AEBF-41C354EBA2DB}.Debug|Any CPU.ActiveCfg = Debug|Any CPU
		{DCC685A6-453B-4A1D-AEBF-41C354EBA2DB}.Debug|Any CPU.Build.0 = Debug|Any CPU
		{DCC685A6-453B-4A1D-AEBF-41C354EBA2DB}.Release|Any CPU.ActiveCfg = Release|Any CPU
		{DCC685A6-453B-4A1D-AEBF-41C354EBA2DB}.Release|Any CPU.Build.0 = Release|Any CPU
	EndGlobalSection
	GlobalSection(SolutionProperties) = preSolution
		HideSolutionNode = FALSE
	EndGlobalSection
	GlobalSection(NestedProjects) = preSolution
		{9F7CE29B-92EB-4100-8685-2B9FD6766B23} = {2BE1D9D2-72C1-485E-BE87-3EEBFF620FD1}
		{03660206-E708-40A2-98BC-36022E3AEC80} = {F79075B2-DCCC-44E6-AD05-62BEC8E715B6}
		{07E0384B-2397-43C9-BECC-97EAD5A7D442} = {97B894D6-FB00-49FF-BF73-D0B8718A769F}
		{0AF390B2-CF17-4F3D-9F48-B876F856BAD4} = {97B894D6-FB00-49FF-BF73-D0B8718A769F}
		{7724583F-4055-49AB-8070-91AF5A516525} = {5F876CCD-2C19-4ACB-A95C-9D53A1BA13F2}
		{8DBDF32B-8C1D-4291-8ED8-2E9033A7A8E7} = {EE997D1F-FCB2-4501-A04E-2C6A4D4A5A7B}
		{80942E3D-FEDA-4578-9F63-5F1581A700EA} = {9D837BBF-0B34-4110-A1A6-2A4CB9675938}
		{DCC685A6-453B-4A1D-AEBF-41C354EBA2DB} = {16F5229D-C87C-4973-83EC-59BFE76F1926}
	EndGlobalSection
	GlobalSection(ExtensibilityGlobals) = postSolution
		SolutionGuid = {0D2E4F22-1597-4395-9259-EECF35BE5EF5}
	EndGlobalSection
EndGlobal
